
Microsoft Visual Studio Solution File, Format Version 12.00
# Visual Studio Version 17
VisualStudioVersion = 17.3.32825.248
MinimumVisualStudioVersion = 10.0.40219.1
Project("{FAE04EC0-301F-11D3-BF4B-00C04F79EFBC}") = "SOL", "SOL\SOL.csproj", "{2FE2AE50-F892-4A5A-B7EC-EA117E9F94F1}"
EndProject
Global
	GlobalSection(SolutionConfigurationPlatforms) = preSolution
		Debug|Any CPU = Debug|Any CPU
		Release|Any CPU = Release|Any CPU
	EndGlobalSection
	GlobalSection(ProjectConfigurationPlatforms) = postSolution
		{2FE2AE50-F892-4A5A-B7EC-EA117E9F94F1}.Debug|Any CPU.ActiveCfg = Debug|Any CPU
		{2FE2AE50-F892-4A5A-B7EC-EA117E9F94F1}.Debug|Any CPU.Build.0 = Debug|Any CPU
		{2FE2AE50-F892-4A5A-B7EC-EA117E9F94F1}.Release|Any CPU.ActiveCfg = Release|Any CPU
		{2FE2AE50-F892-4A5A-B7EC-EA117E9F94F1}.Release|Any CPU.Build.0 = Release|Any CPU
	EndGlobalSection
	GlobalSection(SolutionProperties) = preSolution
		HideSolutionNode = FALSE
	EndGlobalSection
	GlobalSection(ExtensibilityGlobals) = postSolution
		SolutionGuid = {05C03D16-DE69-4711-A46E-04F6783EFBF1}
	EndGlobalSection
EndGlobal
